
Microsoft Visual Studio Solution File, Format Version 12.00
# Visual Studio 15
VisualStudioVersion = 15.0.28010.2016
MinimumVisualStudioVersion = 10.0.40219.1
Project("{FAE04EC0-301F-11D3-BF4B-00C04F79EFBC}") = "RetailerApps", "RetailerApps\RetailerApps.csproj", "{208FC44C-5915-4B43-9B57-5A5676CD3B05}"
EndProject
Global
	GlobalSection(SolutionConfigurationPlatforms) = preSolution
		Debug|Any CPU = Debug|Any CPU
		Release|Any CPU = Release|Any CPU
	EndGlobalSection
	GlobalSection(ProjectConfigurationPlatforms) = postSolution
		{208FC44C-5915-4B43-9B57-5A5676CD3B05}.Debug|Any CPU.ActiveCfg = Debug|Any CPU
		{208FC44C-5915-4B43-9B57-5A5676CD3B05}.Debug|Any CPU.Build.0 = Debug|Any CPU
		{208FC44C-5915-4B43-9B57-5A5676CD3B05}.Release|Any CPU.ActiveCfg = Release|Any CPU
		{208FC44C-5915-4B43-9B57-5A5676CD3B05}.Release|Any CPU.Build.0 = Release|Any CPU
	EndGlobalSection
	GlobalSection(SolutionProperties) = preSolution
		HideSolutionNode = FALSE
	EndGlobalSection
	GlobalSection(ExtensibilityGlobals) = postSolution
		SolutionGuid = {E4295CF2-80F7-4894-9406-0736B5B889CD}
	EndGlobalSection
EndGlobal
